
Microsoft Visual Studio Solution File, Format Version 12.00
# Visual Studio 15
VisualStudioVersion = 15.0.27130.2026
MinimumVisualStudioVersion = 10.0.40219.1
Project("{8BC9CEB8-8B4A-11D0-8D11-00A0C91BC942}") = "串、数组和广义表", "串、数组和广义表\串、数组和广义表.vcxproj", "{B567CE7F-2054-4927-9DB4-745AF30DABBE}"
EndProject
Global
	GlobalSection(SolutionConfigurationPlatforms) = preSolution
		Debug|x64 = Debug|x64
		Debug|x86 = Debug|x86
		Release|x64 = Release|x64
		Release|x86 = Release|x86
	EndGlobalSection
	GlobalSection(ProjectConfigurationPlatforms) = postSolution
		{B567CE7F-2054-4927-9DB4-745AF30DABBE}.Debug|x64.ActiveCfg = Debug|x64
		{B567CE7F-2054-4927-9DB4-745AF30DABBE}.Debug|x64.Build.0 = Debug|x64
		{B567CE7F-2054-4927-9DB4-745AF30DABBE}.Debug|x86.ActiveCfg = Debug|Win32
		{B567CE7F-2054-4927-9DB4-745AF30DABBE}.Debug|x86.Build.0 = Debug|Win32
		{B567CE7F-2054-4927-9DB4-745AF30DABBE}.Release|x64.ActiveCfg = Release|x64
		{B567CE7F-2054-4927-9DB4-745AF30DABBE}.Release|x64.Build.0 = Release|x64
		{B567CE7F-2054-4927-9DB4-745AF30DABBE}.Release|x86.ActiveCfg = Release|Win32
		{B567CE7F-2054-4927-9DB4-745AF30DABBE}.Release|x86.Build.0 = Release|Win32
	EndGlobalSection
	GlobalSection(SolutionProperties) = preSolution
		HideSolutionNode = FALSE
	EndGlobalSection
	GlobalSection(ExtensibilityGlobals) = postSolution
		SolutionGuid = {6AC65242-F590-4F2D-9995-2958B851582F}
	EndGlobalSection
EndGlobal
