
Microsoft Visual Studio Solution File, Format Version 12.00
# Visual Studio 15
VisualStudioVersion = 15.0.27130.2026
MinimumVisualStudioVersion = 10.0.40219.1
Project("{8BC9CEB8-8B4A-11D0-8D11-00A0C91BC942}") = "栈和队列", "栈和队列\栈和队列.vcxproj", "{5A43D6FF-AAE3-4DA2-83C5-061349044022}"
EndProject
Global
	GlobalSection(SolutionConfigurationPlatforms) = preSolution
		Debug|x64 = Debug|x64
		Debug|x86 = Debug|x86
		Release|x64 = Release|x64
		Release|x86 = Release|x86
	EndGlobalSection
	GlobalSection(ProjectConfigurationPlatforms) = postSolution
		{5A43D6FF-AAE3-4DA2-83C5-061349044022}.Debug|x64.ActiveCfg = Debug|x64
		{5A43D6FF-AAE3-4DA2-83C5-061349044022}.Debug|x64.Build.0 = Debug|x64
		{5A43D6FF-AAE3-4DA2-83C5-061349044022}.Debug|x86.ActiveCfg = Debug|Win32
		{5A43D6FF-AAE3-4DA2-83C5-061349044022}.Debug|x86.Build.0 = Debug|Win32
		{5A43D6FF-AAE3-4DA2-83C5-061349044022}.Release|x64.ActiveCfg = Release|x64
		{5A43D6FF-AAE3-4DA2-83C5-061349044022}.Release|x64.Build.0 = Release|x64
		{5A43D6FF-AAE3-4DA2-83C5-061349044022}.Release|x86.ActiveCfg = Release|Win32
		{5A43D6FF-AAE3-4DA2-83C5-061349044022}.Release|x86.Build.0 = Release|Win32
	EndGlobalSection
	GlobalSection(SolutionProperties) = preSolution
		HideSolutionNode = FALSE
	EndGlobalSection
	GlobalSection(ExtensibilityGlobals) = postSolution
		SolutionGuid = {606C47C1-5537-44B5-9C82-A6AD7023BAA0}
	EndGlobalSection
EndGlobal
